
Microsoft Visual Studio Solution File, Format Version 12.00
# Visual Studio 2013
VisualStudioVersion = 12.0.30501.0
MinimumVisualStudioVersion = 10.0.40219.1
Project("{FAE04EC0-301F-11D3-BF4B-00C04F79EFBC}") = "WeatherAggregator", "WeatherAggregator\WeatherAggregator.csproj", "{BF9BDB83-482B-4EA5-AD43-7C1C9F1BDC69}"
EndProject
Project("{FAE04EC0-301F-11D3-BF4B-00C04F79EFBC}") = "WeatherAPI", "WeatherAPI\WeatherAPI.csproj", "{C8D3C77F-19A1-4FCD-AA0B-3719ED699A05}"
EndProject
Project("{FAE04EC0-301F-11D3-BF4B-00C04F79EFBC}") = "SeleniumWrapper", "SeleniumWrapper\SeleniumWrapper.csproj", "{1E225AAC-5EEF-4BE5-8369-4946DE8D7C80}"
EndProject
Global
	GlobalSection(SolutionConfigurationPlatforms) = preSolution
		Debug|Any CPU = Debug|Any CPU
		Release|Any CPU = Release|Any CPU
	EndGlobalSection
	GlobalSection(ProjectConfigurationPlatforms) = postSolution
		{BF9BDB83-482B-4EA5-AD43-7C1C9F1BDC69}.Debug|Any CPU.ActiveCfg = Debug|Any CPU
		{BF9BDB83-482B-4EA5-AD43-7C1C9F1BDC69}.Debug|Any CPU.Build.0 = Debug|Any CPU
		{BF9BDB83-482B-4EA5-AD43-7C1C9F1BDC69}.Release|Any CPU.ActiveCfg = Release|Any CPU
		{BF9BDB83-482B-4EA5-AD43-7C1C9F1BDC69}.Release|Any CPU.Build.0 = Release|Any CPU
		{C8D3C77F-19A1-4FCD-AA0B-3719ED699A05}.Debug|Any CPU.ActiveCfg = Debug|Any CPU
		{C8D3C77F-19A1-4FCD-AA0B-3719ED699A05}.Debug|Any CPU.Build.0 = Debug|Any CPU
		{C8D3C77F-19A1-4FCD-AA0B-3719ED699A05}.Release|Any CPU.ActiveCfg = Release|Any CPU
		{C8D3C77F-19A1-4FCD-AA0B-3719ED699A05}.Release|Any CPU.Build.0 = Release|Any CPU
		{1E225AAC-5EEF-4BE5-8369-4946DE8D7C80}.Debug|Any CPU.ActiveCfg = Debug|Any CPU
		{1E225AAC-5EEF-4BE5-8369-4946DE8D7C80}.Debug|Any CPU.Build.0 = Debug|Any CPU
		{1E225AAC-5EEF-4BE5-8369-4946DE8D7C80}.Release|Any CPU.ActiveCfg = Release|Any CPU
		{1E225AAC-5EEF-4BE5-8369-4946DE8D7C80}.Release|Any CPU.Build.0 = Release|Any CPU
	EndGlobalSection
	GlobalSection(SolutionProperties) = preSolution
		HideSolutionNode = FALSE
	EndGlobalSection
EndGlobal
